PODS:
  - AEFDataSource (0.1.0)
  - OCMock (2.1.1)

DEPENDENCIES:
  - AEFDataSource (from `AEFDataSource.podspec`)
  - OCMock (~> 2.1.1)

EXTERNAL SOURCES:
  AEFDataSource:
    :path: AEFDataSource.podspec

SPEC CHECKSUMS:
  AEFDataSource: c33b538459554ec99a85c25e4ec227d87047a385
  OCMock: 4320c8b003c01f9718e69453690228298b9614b5

COCOAPODS: 0.32.1
