PODS:
  - AEFDataSource (0.3.0)
  - OCMock (2.1.1)

DEPENDENCIES:
  - AEFDataSource (from `AEFDataSource.podspec`)
  - OCMock (~> 2.1.1)

EXTERNAL SOURCES:
  AEFDataSource:
    :path: AEFDataSource.podspec

SPEC CHECKSUMS:
  AEFDataSource: d36320ad02115e9728a31800d53ce22118cc141b
  OCMock: 4320c8b003c01f9718e69453690228298b9614b5

COCOAPODS: 0.32.1
